
Microsoft Visual Studio Solution File, Format Version 12.00
# Visual Studio Version 17
VisualStudioVersion = 17.5.2.0
MinimumVisualStudioVersion = 10.0.40219.1
Project("{FAE04EC0-301F-11D3-BF4B-00C04F79EFBC}") = "FitApp.Api", "FitApp.Api\FitApp.Api.csproj", "{CC08CDD7-53E1-7CE0-EC96-8AD492593633}"
EndProject
Project("{FAE04EC0-301F-11D3-BF4B-00C04F79EFBC}") = "FitApp.Api.Tests", "FitApp.Api.Tests\FitApp.Api.Tests.csproj", "{F08B70B9-C19F-4B51-A2A0-EFAE6FE9F3C9}"
EndProject
Global
	GlobalSection(SolutionConfigurationPlatforms) = preSolution
		Debug|Any CPU = Debug|Any CPU
		Debug|x64 = Debug|x64
		Debug|x86 = Debug|x86
		Release|Any CPU = Release|Any CPU
		Release|x64 = Release|x64
		Release|x86 = Release|x86
	EndGlobalSection
	GlobalSection(ProjectConfigurationPlatforms) = postSolution
		{CC08CDD7-53E1-7CE0-EC96-8AD492593633}.Debug|Any CPU.ActiveCfg = Debug|Any CPU
		{CC08CDD7-53E1-7CE0-EC96-8AD492593633}.Debug|Any CPU.Build.0 = Debug|Any CPU
		{CC08CDD7-53E1-7CE0-EC96-8AD492593633}.Debug|x64.ActiveCfg = Debug|Any CPU
		{CC08CDD7-53E1-7CE0-EC96-8AD492593633}.Debug|x64.Build.0 = Debug|Any CPU
		{CC08CDD7-53E1-7CE0-EC96-8AD492593633}.Debug|x86.ActiveCfg = Debug|Any CPU
		{CC08CDD7-53E1-7CE0-EC96-8AD492593633}.Debug|x86.Build.0 = Debug|Any CPU
		{CC08CDD7-53E1-7CE0-EC96-8AD492593633}.Release|Any CPU.ActiveCfg = Release|Any CPU
		{CC08CDD7-53E1-7CE0-EC96-8AD492593633}.Release|Any CPU.Build.0 = Release|Any CPU
		{CC08CDD7-53E1-7CE0-EC96-8AD492593633}.Release|x64.ActiveCfg = Release|Any CPU
		{CC08CDD7-53E1-7CE0-EC96-8AD492593633}.Release|x64.Build.0 = Release|Any CPU
		{CC08CDD7-53E1-7CE0-EC96-8AD492593633}.Release|x86.ActiveCfg = Release|Any CPU
		{CC08CDD7-53E1-7CE0-EC96-8AD492593633}.Release|x86.Build.0 = Release|Any CPU
		{F08B70B9-C19F-4B51-A2A0-EFAE6FE9F3C9}.Debug|Any CPU.ActiveCfg = Debug|Any CPU
		{F08B70B9-C19F-4B51-A2A0-EFAE6FE9F3C9}.Debug|Any CPU.Build.0 = Debug|Any CPU
		{F08B70B9-C19F-4B51-A2A0-EFAE6FE9F3C9}.Debug|x64.ActiveCfg = Debug|Any CPU
		{F08B70B9-C19F-4B51-A2A0-EFAE6FE9F3C9}.Debug|x64.Build.0 = Debug|Any CPU
		{F08B70B9-C19F-4B51-A2A0-EFAE6FE9F3C9}.Debug|x86.ActiveCfg = Debug|Any CPU
		{F08B70B9-C19F-4B51-A2A0-EFAE6FE9F3C9}.Debug|x86.Build.0 = Debug|Any CPU
		{F08B70B9-C19F-4B51-A2A0-EFAE6FE9F3C9}.Release|Any CPU.ActiveCfg = Release|Any CPU
		{F08B70B9-C19F-4B51-A2A0-EFAE6FE9F3C9}.Release|Any CPU.Build.0 = Release|Any CPU
		{F08B70B9-C19F-4B51-A2A0-EFAE6FE9F3C9}.Release|x64.ActiveCfg = Release|Any CPU
		{F08B70B9-C19F-4B51-A2A0-EFAE6FE9F3C9}.Release|x64.Build.0 = Release|Any CPU
		{F08B70B9-C19F-4B51-A2A0-EFAE6FE9F3C9}.Release|x86.ActiveCfg = Release|Any CPU
		{F08B70B9-C19F-4B51-A2A0-EFAE6FE9F3C9}.Release|x86.Build.0 = Release|Any CPU
	EndGlobalSection
	GlobalSection(SolutionProperties) = preSolution
		HideSolutionNode = FALSE
	EndGlobalSection
	GlobalSection(ExtensibilityGlobals) = postSolution
		SolutionGuid = {93356DAA-1DF4-424D-A159-BD652C7E1D88}
	EndGlobalSection
EndGlobal
